
Microsoft Visual Studio Solution File, Format Version 12.00
# Visual Studio Version 17
VisualStudioVersion = 17.10.35122.118
MinimumVisualStudioVersion = 10.0.40219.1
Project("{9A19103F-16F7-4668-BE54-9A1E7A4F7556}") = "Domain", "Domain\Domain.csproj", "{BBC19CD6-00B8-4B35-ADF3-5AFCA50DFAFA}"
EndProject
Project("{9A19103F-16F7-4668-BE54-9A1E7A4F7556}") = "Domain.DependencyInjection", "Domain.DependencyInjection\Domain.DependencyInjection.csproj", "{C1E849F6-49A7-46F0-B54D-C7947E2DC325}"
EndProject
Project("{9A19103F-16F7-4668-BE54-9A1E7A4F7556}") = "Domain.Tests", "Domain.Tests\Domain.Tests.csproj", "{6D7C5035-C9B1-478A-B5AB-AD67D46C5A27}"
EndProject
Project("{9A19103F-16F7-4668-BE54-9A1E7A4F7556}") = "Storage", "Storage\Storage.csproj", "{EBFD9071-CB0E-4F21-9EA3-60541011E965}"
EndProject
Project("{9A19103F-16F7-4668-BE54-9A1E7A4F7556}") = "Storage.DependencyInjection", "Storage.DependencyInjection\Storage.DependencyInjection.csproj", "{7D7D2786-1280-41B3-A449-8DFBACB6FE44}"
EndProject
Project("{2150E333-8FDC-42A3-9474-1A3956D46DE8}") = "Solution Items", "Solution Items", "{91830856-0556-4EE0-BD09-2DD865ADBF65}"
	ProjectSection(SolutionItems) = preProject
		docker-compose.yml = docker-compose.yml
	EndProjectSection
EndProject
Project("{9A19103F-16F7-4668-BE54-9A1E7A4F7556}") = "API", "Api\API.csproj", "{7004F514-9B69-4E60-BC17-0867177B3EB1}"
EndProject
Global
	GlobalSection(SolutionConfigurationPlatforms) = preSolution
		Debug|Any CPU = Debug|Any CPU
		Release|Any CPU = Release|Any CPU
	EndGlobalSection
	GlobalSection(ProjectConfigurationPlatforms) = postSolution
		{BBC19CD6-00B8-4B35-ADF3-5AFCA50DFAFA}.Debug|Any CPU.ActiveCfg = Debug|Any CPU
		{BBC19CD6-00B8-4B35-ADF3-5AFCA50DFAFA}.Debug|Any CPU.Build.0 = Debug|Any CPU
		{BBC19CD6-00B8-4B35-ADF3-5AFCA50DFAFA}.Release|Any CPU.ActiveCfg = Release|Any CPU
		{BBC19CD6-00B8-4B35-ADF3-5AFCA50DFAFA}.Release|Any CPU.Build.0 = Release|Any CPU
		{C1E849F6-49A7-46F0-B54D-C7947E2DC325}.Debug|Any CPU.ActiveCfg = Debug|Any CPU
		{C1E849F6-49A7-46F0-B54D-C7947E2DC325}.Debug|Any CPU.Build.0 = Debug|Any CPU
		{C1E849F6-49A7-46F0-B54D-C7947E2DC325}.Release|Any CPU.ActiveCfg = Release|Any CPU
		{C1E849F6-49A7-46F0-B54D-C7947E2DC325}.Release|Any CPU.Build.0 = Release|Any CPU
		{6D7C5035-C9B1-478A-B5AB-AD67D46C5A27}.Debug|Any CPU.ActiveCfg = Debug|Any CPU
		{6D7C5035-C9B1-478A-B5AB-AD67D46C5A27}.Debug|Any CPU.Build.0 = Debug|Any CPU
		{6D7C5035-C9B1-478A-B5AB-AD67D46C5A27}.Release|Any CPU.ActiveCfg = Release|Any CPU
		{6D7C5035-C9B1-478A-B5AB-AD67D46C5A27}.Release|Any CPU.Build.0 = Release|Any CPU
		{EBFD9071-CB0E-4F21-9EA3-60541011E965}.Debug|Any CPU.ActiveCfg = Debug|Any CPU
		{EBFD9071-CB0E-4F21-9EA3-60541011E965}.Debug|Any CPU.Build.0 = Debug|Any CPU
		{EBFD9071-CB0E-4F21-9EA3-60541011E965}.Release|Any CPU.ActiveCfg = Release|Any CPU
		{EBFD9071-CB0E-4F21-9EA3-60541011E965}.Release|Any CPU.Build.0 = Release|Any CPU
		{7D7D2786-1280-41B3-A449-8DFBACB6FE44}.Debug|Any CPU.ActiveCfg = Debug|Any CPU
		{7D7D2786-1280-41B3-A449-8DFBACB6FE44}.Debug|Any CPU.Build.0 = Debug|Any CPU
		{7D7D2786-1280-41B3-A449-8DFBACB6FE44}.Release|Any CPU.ActiveCfg = Release|Any CPU
		{7D7D2786-1280-41B3-A449-8DFBACB6FE44}.Release|Any CPU.Build.0 = Release|Any CPU
		{7004F514-9B69-4E60-BC17-0867177B3EB1}.Debug|Any CPU.ActiveCfg = Debug|Any CPU
		{7004F514-9B69-4E60-BC17-0867177B3EB1}.Debug|Any CPU.Build.0 = Debug|Any CPU
		{7004F514-9B69-4E60-BC17-0867177B3EB1}.Release|Any CPU.ActiveCfg = Release|Any CPU
		{7004F514-9B69-4E60-BC17-0867177B3EB1}.Release|Any CPU.Build.0 = Release|Any CPU
	EndGlobalSection
	GlobalSection(SolutionProperties) = preSolution
		HideSolutionNode = FALSE
	EndGlobalSection
	GlobalSection(ExtensibilityGlobals) = postSolution
		SolutionGuid = {65D6CB20-E9BA-40FD-9CDD-58DAC49F0985}
	EndGlobalSection
EndGlobal
